
Microsoft Visual Studio Solution File, Format Version 12.00
# Visual Studio Version 17
VisualStudioVersion = 17.14.36717.8
MinimumVisualStudioVersion = 10.0.40219.1
Project("{FAE04EC0-301F-11D3-BF4B-00C04F79EFBC}") = "LoginAndReg", "LoginAndReg.csproj", "{D0A9B179-B52D-4404-90EF-BD0935282213}"
EndProject
Global
	GlobalSection(SolutionConfigurationPlatforms) = preSolution
		Debug|Any CPU = Debug|Any CPU
		Release|Any CPU = Release|Any CPU
	EndGlobalSection
	GlobalSection(ProjectConfigurationPlatforms) = postSolution
		{D0A9B179-B52D-4404-90EF-BD0935282213}.Debug|Any CPU.ActiveCfg = Debug|Any CPU
		{D0A9B179-B52D-4404-90EF-BD0935282213}.Debug|Any CPU.Build.0 = Debug|Any CPU
		{D0A9B179-B52D-4404-90EF-BD0935282213}.Release|Any CPU.ActiveCfg = Release|Any CPU
		{D0A9B179-B52D-4404-90EF-BD0935282213}.Release|Any CPU.Build.0 = Release|Any CPU
	EndGlobalSection
	GlobalSection(SolutionProperties) = preSolution
		HideSolutionNode = FALSE
	EndGlobalSection
	GlobalSection(ExtensibilityGlobals) = postSolution
		SolutionGuid = {9B291DCA-0816-49D8-8B35-6FD381BB6B9E}
	EndGlobalSection
EndGlobal
